{
    "_readme": [
        "This file locks the dependencies of your project to a known state",
        "Read more about it at https://getcomposer.org/doc/01-basic-usage.md#installing-dependencies",
        "This file is @generated automatically"
    ],
    "content-hash": "9ca33e60ee199e96382493e9c85ae5b3",
    "packages": [
        {
            "name": "league/flysystem",
            "version": "3.25.0",
            "source": {
                "type": "git",
                "url": "https://github.com/thephpleague/flysystem.git",
                "reference": "4c44347133618cccd9b3df1729647a1577b4ad99"
            },
            "dist": {
                "type": "zip",
                "url": "https://api.github.com/repos/thephpleague/flysystem/zipball/4c44347133618cccd9b3df1729647a1577b4ad99",
                "reference": "4c44347133618cccd9b3df1729647a1577b4ad99",
                "shasum": ""
            },
            "require": {
                "league/flysystem-local": "^3.0.0",
                "league/mime-type-detection": "^1.0.0",
                "php": "^8.0.2"
            },
            "conflict": {
                "async-aws/core": "<1.19.0",
                "async-aws/s3": "<1.14.0",
                "aws/aws-sdk-php": "3.209.31 || 3.210.0",
                "guzzlehttp/guzzle": "<7.0",
                "guzzlehttp/ringphp": "<1.1.1",
                "phpseclib/phpseclib": "3.0.15",
                "symfony/http-client": "<5.2"
            },
            "require-dev": {
                "async-aws/s3": "^1.5 || ^2.0",
                "async-aws/simple-s3": "^1.1 || ^2.0",
                "aws/aws-sdk-php": "^3.295.10",
                "composer/semver": "^3.0",
                "ext-fileinfo": "*",
                "ext-ftp": "*",
                "ext-zip": "*",
                "friendsofphp/php-cs-fixer": "^3.5",
                "google/cloud-storage": "^1.23",
                "microsoft/azure-storage-blob": "^1.1",
                "phpseclib/phpseclib": "^3.0.36",
                "phpstan/phpstan": "^1.10",
                "phpunit/phpunit": "^9.5.11|^10.0",
                "sabre/dav": "^4.6.0"
            },
            "type": "library",
            "autoload": {
                "psr-4": {
                    "League\\Flysystem\\": "src"
                }
            },
            "notification-url": "https://packagist.org/downloads/",
            "license": [
                "MIT"
            ],
            "authors": [
                {
                    "name": "Frank de Jonge",
                    "email": "info@frankdejonge.nl"
                }
            ],
            "description": "File storage abstraction for PHP",
            "keywords": [
                "WebDAV",
                "aws",
                "cloud",
                "file",
                "files",
                "filesystem",
                "filesystems",
                "ftp",
                "s3",
                "sftp",
                "storage"
            ],
            "support": {
                "issues": "https://github.com/thephpleague/flysystem/issues",
                "source": "https://github.com/thephpleague/flysystem/tree/3.25.0"
            },
            "funding": [
                {
                    "url": "https://ecologi.com/frankdejonge",
                    "type": "custom"
                },
                {
                    "url": "https://github.com/frankdejonge",
                    "type": "github"
                }
            ],
            "time": "2024-03-09T17:06:45+00:00"
        },
        {
            "name": "league/flysystem-local",
            "version": "3.23.1",
            "source": {
                "type": "git",
                "url": "https://github.com/thephpleague/flysystem-local.git",
                "reference": "b884d2bf9b53bb4804a56d2df4902bb51e253f00"
            },
            "dist": {
                "type": "zip",
                "url": "https://api.github.com/repos/thephpleague/flysystem-local/zipball/b884d2bf9b53bb4804a56d2df4902bb51e253f00",
                "reference": "b884d2bf9b53bb4804a56d2df4902bb51e253f00",
                "shasum": ""
            },
            "require": {
                "ext-fileinfo": "*",
                "league/flysystem": "^3.0.0",
                "league/mime-type-detection": "^1.0.0",
                "php": "^8.0.2"
            },
            "type": "library",
            "autoload": {
                "psr-4": {
                    "League\\Flysystem\\Local\\": ""
                }
            },
            "notification-url": "https://packagist.org/downloads/",
            "license": [
                "MIT"
            ],
            "authors": [
                {
                    "name": "Frank de Jonge",
                    "email": "info@frankdejonge.nl"
                }
            ],
            "description": "Local filesystem adapter for Flysystem.",
            "keywords": [
                "Flysystem",
                "file",
                "files",
                "filesystem",
                "local"
            ],
            "support": {
                "issues": "https://github.com/thephpleague/flysystem-local/issues",
                "source": "https://github.com/thephpleague/flysystem-local/tree/3.23.1"
            },
            "funding": [
                {
                    "url": "https://ecologi.com/frankdejonge",
                    "type": "custom"
                },
                {
                    "url": "https://github.com/frankdejonge",
                    "type": "github"
                }
            ],
            "time": "2024-01-26T18:25:23+00:00"
        },
        {
            "name": "league/mime-type-detection",
            "version": "1.15.0",
            "source": {
                "type": "git",
                "url": "https://github.com/thephpleague/mime-type-detection.git",
                "reference": "ce0f4d1e8a6f4eb0ddff33f57c69c50fd09f4301"
            },
            "dist": {
                "type": "zip",
                "url": "https://api.github.com/repos/thephpleague/mime-type-detection/zipball/ce0f4d1e8a6f4eb0ddff33f57c69c50fd09f4301",
                "reference": "ce0f4d1e8a6f4eb0ddff33f57c69c50fd09f4301",
                "shasum": ""
            },
            "require": {
                "ext-fileinfo": "*",
                "php": "^7.4 || ^8.0"
            },
            "require-dev": {
                "friendsofphp/php-cs-fixer": "^3.2",
                "phpstan/phpstan": "^0.12.68",
                "phpunit/phpunit": "^8.5.8 || ^9.3 || ^10.0"
            },
            "type": "library",
            "autoload": {
                "psr-4": {
                    "League\\MimeTypeDetection\\": "src"
                }
            },
            "notification-url": "https://packagist.org/downloads/",
            "license": [
                "MIT"
            ],
            "authors": [
                {
                    "name": "Frank de Jonge",
                    "email": "info@frankdejonge.nl"
                }
            ],
            "description": "Mime-type detection for Flysystem",
            "support": {
                "issues": "https://github.com/thephpleague/mime-type-detection/issues",
                "source": "https://github.com/thephpleague/mime-type-detection/tree/1.15.0"
            },
            "funding": [
                {
                    "url": "https://github.com/frankdejonge",
                    "type": "github"
                },
                {
                    "url": "https://tidelift.com/funding/github/packagist/league/flysystem",
                    "type": "tidelift"
                }
            ],
            "time": "2024-01-28T23:22:08+00:00"
        },
        {
            "name": "php-edifact/edifact-generator",
            "version": "dev-master",
            "source": {
                "type": "git",
                "url": "https://github.com/coopcycle/edifact-generator.git",
                "reference": "d87ce1d945adebf6482c993e778f4b471995073e"
            },
            "dist": {
                "type": "zip",
                "url": "https://api.github.com/repos/coopcycle/edifact-generator/zipball/d87ce1d945adebf6482c993e778f4b471995073e",
                "reference": "d87ce1d945adebf6482c993e778f4b471995073e",
                "shasum": ""
            },
            "require-dev": {
                "friendsofphp/php-cs-fixer": "^3.9.5",
                "phpunit/phpunit": "~8.0",
                "sabas/edifact": "^0.4.1"
            },
            "default-branch": true,
            "type": "library",
            "autoload": {
                "psr-4": {
                    "EDI\\Generator\\": "src/Generator/"
                }
            },
            "scripts": {
                "test": [
                    "vendor/bin/phpunit"
                ],
                "codestyle:fix": [
                    "vendor/bin/php-cs-fixer fix"
                ],
                "codestyle:lint": [
                    "vendor/bin/php-cs-fixer fix --dry-run"
                ]
            },
            "license": [
                "LGPL-3.0-or-later"
            ],
            "description": "EDIFACT message generators",
            "homepage": "https://github.com/php-edifact/edifact-generator",
            "keywords": [
                "EDI",
                "EDIFACT",
                "generator",
                "message"
            ],
            "support": {
                "source": "https://github.com/coopcycle/edifact-generator/tree/master"
            },
            "time": "2023-11-30T14:55:40+00:00"
        },
        {
            "name": "php-edifact/edifact-mapping",
            "version": "dev-master",
            "source": {
                "type": "git",
                "url": "https://github.com/coopcycle/edifact-mapping.git",
                "reference": "888e8b522fc2bf17132586ad348cfb434b21a23c"
            },
            "dist": {
                "type": "zip",
                "url": "https://api.github.com/repos/coopcycle/edifact-mapping/zipball/888e8b522fc2bf17132586ad348cfb434b21a23c",
                "reference": "888e8b522fc2bf17132586ad348cfb434b21a23c",
                "shasum": ""
            },
            "default-branch": true,
            "type": "library",
            "autoload": {
                "psr-4": {
                    "EDI\\Mapping\\": "src/Mapping/"
                }
            },
            "license": [
                "LGPL-3.0-or-later"
            ],
            "description": "XML mappings from UNTDID",
            "homepage": "https://github.com/php-edifact/edifact-mapping",
            "keywords": [
                "EDI",
                "EDIFACT",
                "UNECE",
                "mapping",
                "message"
            ],
            "support": {
                "source": "https://github.com/coopcycle/edifact-mapping/tree/master"
            },
            "time": "2023-12-07T11:41:17+00:00"
        },
        {
            "name": "sabas/edifact",
            "version": "0.6.1",
            "source": {
                "type": "git",
                "url": "https://github.com/php-edifact/edifact.git",
                "reference": "9afd2247f73cb97cbe850490961dd9fdfe20ff12"
            },
            "dist": {
                "type": "zip",
                "url": "https://api.github.com/repos/php-edifact/edifact/zipball/9afd2247f73cb97cbe850490961dd9fdfe20ff12",
                "reference": "9afd2247f73cb97cbe850490961dd9fdfe20ff12",
                "shasum": ""
            },
            "require": {
                "ext-json": "*",
                "ext-simplexml": "*",
                "php": "~8"
            },
            "require-dev": {
                "php-edifact/edifact-mapping": "dev-master",
                "phpunit/phpunit": "~9.0",
                "voku/arrayy": "~7.1"
            },
            "type": "library",
            "autoload": {
                "psr-4": {
                    "EDI\\": "src/EDI/"
                }
            },
            "notification-url": "https://packagist.org/downloads/",
            "license": [
                "LGPL-3.0-or-later"
            ],
            "authors": [
                {
                    "name": "Stefano Sabatini",
                    "email": "sabas88@gmail.com",
                    "homepage": "http://stefanosabatini.eu",
                    "role": "Developer"
                },
                {
                    "name": "Uldis Nelsons",
                    "role": "Developer"
                },
                {
                    "name": "Emil Vikström",
                    "role": "Developer"
                }
            ],
            "description": "Tools in PHP for UN/EDIFACT",
            "homepage": "https://github.com/php-edifact/edifact",
            "keywords": [
                "container",
                "edi",
                "edifact",
                "message"
            ],
            "support": {
                "issues": "https://github.com/php-edifact/edifact/issues",
                "source": "https://github.com/php-edifact/edifact/tree/0.6.1"
            },
            "time": "2023-06-19T09:31:51+00:00"
        }
    ],
    "packages-dev": [],
    "aliases": [],
    "minimum-stability": "stable",
    "stability-flags": {
        "php-edifact/edifact-mapping": 20,
        "php-edifact/edifact-generator": 20
    },
    "prefer-stable": false,
    "prefer-lowest": false,
    "platform": {
        "ext-curl": "*"
    },
    "platform-dev": [],
    "plugin-api-version": "2.3.0"
}
